
Microsoft Visual Studio Solution File, Format Version 12.00
# Visual Studio Version 16
VisualStudioVersion = 16.0.31702.278
MinimumVisualStudioVersion = 10.0.40219.1
Project("{FAE04EC0-301F-11D3-BF4B-00C04F79EFBC}") = "paint problem .1", "paint problem .1\paint problem .1.csproj", "{4294FCAE-2922-4669-9344-C27E7E39396F}"
EndProject
Global
	GlobalSection(SolutionConfigurationPlatforms) = preSolution
		Debug|Any CPU = Debug|Any CPU
		Release|Any CPU = Release|Any CPU
	EndGlobalSection
	GlobalSection(ProjectConfigurationPlatforms) = postSolution
		{4294FCAE-2922-4669-9344-C27E7E39396F}.Debug|Any CPU.ActiveCfg = Debug|Any CPU
		{4294FCAE-2922-4669-9344-C27E7E39396F}.Debug|Any CPU.Build.0 = Debug|Any CPU
		{4294FCAE-2922-4669-9344-C27E7E39396F}.Release|Any CPU.ActiveCfg = Release|Any CPU
		{4294FCAE-2922-4669-9344-C27E7E39396F}.Release|Any CPU.Build.0 = Release|Any CPU
	EndGlobalSection
	GlobalSection(SolutionProperties) = preSolution
		HideSolutionNode = FALSE
	EndGlobalSection
	GlobalSection(ExtensibilityGlobals) = postSolution
		SolutionGuid = {7D9D620D-F349-44E4-B725-02675E5961FB}
	EndGlobalSection
EndGlobal
